// !$*UTF8*$!
{
	archiveVersion = 1;
	classes = {
	};
	objectVersion = 46;
	objects = {

/* Begin PBXBuildFile section */
		5707683C1BEFA2A100A5D7A3 /* BusinessLogicLayer.h in Headers */ = {isa = PBXBuildFile; fileRef = 5707683B1BEFA2A100A5D7A3 /* BusinessLogicLayer.h */; settings = {ATTRIBUTES = (Public, ); }; };
		570768421BEFA2A100A5D7A3 /* BusinessLogicLayer.framework in Frameworks */ = {isa = PBXBuildFile; fileRef = 570768361BEFA2A100A5D7A3 /* BusinessLogicLayer.framework */; };
		570768491BEFA2A100A5D7A3 /* BusinessLogicLayerTests.m in Sources */ = {isa = PBXBuildFile; fileRef = 570768481BEFA2A100A5D7A3 /* BusinessLogicLayerTests.m */; };
		570768531BEFA2BD00A5D7A3 /* PersistenceLayer.framework in Frameworks */ = {isa = PBXBuildFile; fileRef = 570768521BEFA2BD00A5D7A3 /* PersistenceLayer.framework */; };
		570768551BEFA2E800A5D7A3 /* NoteBLDelegate.h in Headers */ = {isa = PBXBuildFile; fileRef = 570768541BEFA2E800A5D7A3 /* NoteBLDelegate.h */; };
		570768581BEFA31C00A5D7A3 /* NoteBL.h in Headers */ = {isa = PBXBuildFile; fileRef = 570768561BEFA31C00A5D7A3 /* NoteBL.h */; };
		570768591BEFA31C00A5D7A3 /* NoteBL.m in Sources */ = {isa = PBXBuildFile; fileRef = 570768571BEFA31C00A5D7A3 /* NoteBL.m */; };
/* End PBXBuildFile section */

/* Begin PBXContainerItemProxy section */
		570768431BEFA2A100A5D7A3 /* PBXContainerItemProxy */ = {
			isa = PBXContainerItemProxy;
			containerPortal = 5707682D1BEFA2A100A5D7A3 /* Project object */;
			proxyType = 1;
			remoteGlobalIDString = 570768351BEFA2A100A5D7A3;
			remoteInfo = BusinessLogicLayer;
		};
/* End PBXContainerItemProxy section */

/* Begin PBXFileReference section */
		570768361BEFA2A100A5D7A3 /* BusinessLogicLayer.framework */ = {isa = PBXFileReference; explicitFileType = wrapper.framework; includeInIndex = 0; path = BusinessLogicLayer.framework; sourceTree = BUILT_PRODUCTS_DIR; };
		5707683A1BEFA2A100A5D7A3 /* Info.plist */ = {isa = PBXFileReference; lastKnownFileType = text.plist.xml; path = Info.plist; sourceTree = "<group>"; };
		5707683B1BEFA2A100A5D7A3 /* BusinessLogicLayer.h */ = {isa = PBXFileReference; lastKnownFileType = sourcecode.c.h; path = BusinessLogicLayer.h; sourceTree = "<group>"; };
		570768411BEFA2A100A5D7A3 /* BusinessLogicLayerTests.xctest */ = {isa = PBXFileReference; explicitFileType = wrapper.cfbundle; includeInIndex = 0; path = BusinessLogicLayerTests.xctest; sourceTree = BUILT_PRODUCTS_DIR; };
		570768471BEFA2A100A5D7A3 /* Info.plist */ = {isa = PBXFileReference; lastKnownFileType = text.plist.xml; path = Info.plist; sourceTree = "<group>"; };
		570768481BEFA2A100A5D7A3 /* BusinessLogicLayerTests.m */ = {isa = PBXFileReference; lastKnownFileType = sourcecode.c.objc; path = BusinessLogicLayerTests.m; sourceTree = "<group>"; };
		570768521BEFA2BD00A5D7A3 /* PersistenceLayer.framework */ = {isa = PBXFileReference; lastKnownFileType = wrapper.framework; name = PersistenceLayer.framework; path = "../PersistenceLayer/build/Debug-iphoneos/PersistenceLayer.framework"; sourceTree = "<group>"; };
		570768541BEFA2E800A5D7A3 /* NoteBLDelegate.h */ = {isa = PBXFileReference; fileEncoding = 4; lastKnownFileType = sourcecode.c.h; path = NoteBLDelegate.h; sourceTree = "<group>"; };
		570768561BEFA31C00A5D7A3 /* NoteBL.h */ = {isa = PBXFileReference; fileEncoding = 4; lastKnownFileType = sourcecode.c.h; path = NoteBL.h; sourceTree = "<group>"; };
		570768571BEFA31C00A5D7A3 /* NoteBL.m */ = {isa = PBXFileReference; fileEncoding = 4; lastKnownFileType = sourcecode.c.objc; path = NoteBL.m; sourceTree = "<group>"; };
/* End PBXFileReference section */

/* Begin PBXFrameworksBuildPhase section */
		570768321BEFA2A100A5D7A3 /* Frameworks */ = {
			isa = PBXFrameworksBuildPhase;
			buildActionMask = 2147483647;
			files = (
				570768531BEFA2BD00A5D7A3 /* PersistenceLayer.framework in Frameworks */,
			);
			runOnlyForDeploymentPostprocessing = 0;
		};
		5707683E1BEFA2A100A5D7A3 /* Frameworks */ = {
			isa = PBXFrameworksBuildPhase;
			buildActionMask = 2147483647;
			files = (
				570768421BEFA2A100A5D7A3 /* BusinessLogicLayer.framework in Frameworks */,
			);
			runOnlyForDeploymentPostprocessing = 0;
		};
/* End PBXFrameworksBuildPhase section */

/* Begin PBXGroup section */
		5707682C1BEFA2A100A5D7A3 = {
			isa = PBXGroup;
			children = (
				570768521BEFA2BD00A5D7A3 /* PersistenceLayer.framework */,
				570768381BEFA2A100A5D7A3 /* BusinessLogicLayer */,
				570768451BEFA2A100A5D7A3 /* BusinessLogicLayerTests */,
				570768371BEFA2A100A5D7A3 /* Products */,
			);
			sourceTree = "<group>";
		};
		570768371BEFA2A100A5D7A3 /* Products */ = {
			isa = PBXGroup;
			children = (
				570768361BEFA2A100A5D7A3 /* BusinessLogicLayer.framework */,
				570768411BEFA2A100A5D7A3 /* BusinessLogicLayerTests.xctest */,
			);
			name = Products;
			sourceTree = "<group>";
		};
		570768381BEFA2A100A5D7A3 /* BusinessLogicLayer */ = {
			isa = PBXGroup;
			children = (
				5707683B1BEFA2A100A5D7A3 /* BusinessLogicLayer.h */,
				570768541BEFA2E800A5D7A3 /* NoteBLDelegate.h */,
				570768561BEFA31C00A5D7A3 /* NoteBL.h */,
				570768571BEFA31C00A5D7A3 /* NoteBL.m */,
				570768391BEFA2A100A5D7A3 /* Supporting Files */,
			);
			path = BusinessLogicLayer;
			sourceTree = "<group>";
		};
		570768391BEFA2A100A5D7A3 /* Supporting Files */ = {
			isa = PBXGroup;
			children = (
				5707683A1BEFA2A100A5D7A3 /* Info.plist */,
			);
			name = "Supporting Files";
			sourceTree = "<group>";
		};
		570768451BEFA2A100A5D7A3 /* BusinessLogicLayerTests */ = {
			isa = PBXGroup;
			children = (
				570768481BEFA2A100A5D7A3 /* BusinessLogicLayerTests.m */,
				570768461BEFA2A100A5D7A3 /* Supporting Files */,
			);
			path = BusinessLogicLayerTests;
			sourceTree = "<group>";
		};
		570768461BEFA2A100A5D7A3 /* Supporting Files */ = {
			isa = PBXGroup;
			children = (
				570768471BEFA2A100A5D7A3 /* Info.plist */,
			);
			name = "Supporting Files";
			sourceTree = "<group>";
		};
/* End PBXGroup section */

/* Begin PBXHeadersBuildPhase section */
		570768331BEFA2A100A5D7A3 /* Headers */ = {
			isa = PBXHeadersBuildPhase;
			buildActionMask = 2147483647;
			files = (
				570768581BEFA31C00A5D7A3 /* NoteBL.h in Headers */,
				5707683C1BEFA2A100A5D7A3 /* BusinessLogicLayer.h in Headers */,
				570768551BEFA2E800A5D7A3 /* NoteBLDelegate.h in Headers */,
			);
			runOnlyForDeploymentPostprocessing = 0;
		};
/* End PBXHeadersBuildPhase section */

/* Begin PBXNativeTarget section */
		570768351BEFA2A100A5D7A3 /* BusinessLogicLayer */ = {
			isa = PBXNativeTarget;
			buildConfigurationList = 5707684C1BEFA2A100A5D7A3 /* Build configuration list for PBXNativeTarget "BusinessLogicLayer" */;
			buildPhases = (
				570768311BEFA2A100A5D7A3 /* Sources */,
				570768321BEFA2A100A5D7A3 /* Frameworks */,
				570768331BEFA2A100A5D7A3 /* Headers */,
				570768341BEFA2A100A5D7A3 /* Resources */,
			);
			buildRules = (
			);
			dependencies = (
			);
			name = BusinessLogicLayer;
			productName = BusinessLogicLayer;
			productReference = 570768361BEFA2A100A5D7A3 /* BusinessLogicLayer.framework */;
			productType = "com.apple.product-type.framework";
		};
		570768401BEFA2A100A5D7A3 /* BusinessLogicLayerTests */ = {
			isa = PBXNativeTarget;
			buildConfigurationList = 5707684F1BEFA2A100A5D7A3 /* Build configuration list for PBXNativeTarget "BusinessLogicLayerTests" */;
			buildPhases = (
				5707683D1BEFA2A100A5D7A3 /* Sources */,
				5707683E1BEFA2A100A5D7A3 /* Frameworks */,
				5707683F1BEFA2A100A5D7A3 /* Resources */,
			);
			buildRules = (
			);
			dependencies = (
				570768441BEFA2A100A5D7A3 /* PBXTargetDependency */,
			);
			name = BusinessLogicLayerTests;
			productName = BusinessLogicLayerTests;
			productReference = 570768411BEFA2A100A5D7A3 /* BusinessLogicLayerTests.xctest */;
			productType = "com.apple.product-type.bundle.unit-test";
		};
/* End PBXNativeTarget section */

/* Begin PBXProject section */
		5707682D1BEFA2A100A5D7A3 /* Project object */ = {
			isa = PBXProject;
			attributes = {
				LastUpgradeCheck = 0630;
				ORGANIZATIONNAME = "关沛东";
				TargetAttributes = {
					570768351BEFA2A100A5D7A3 = {
						CreatedOnToolsVersion = 6.3.2;
					};
					570768401BEFA2A100A5D7A3 = {
						CreatedOnToolsVersion = 6.3.2;
					};
				};
			};
			buildConfigurationList = 570768301BEFA2A100A5D7A3 /* Build configuration list for PBXProject "BusinessLogicLayer" */;
			compatibilityVersion = "Xcode 3.2";
			developmentRegion = English;
			hasScannedForEncodings = 0;
			knownRegions = (
				en,
			);
			mainGroup = 5707682C1BEFA2A100A5D7A3;
			productRefGroup = 570768371BEFA2A100A5D7A3 /* Products */;
			projectDirPath = "";
			projectRoot = "";
			targets = (
				570768351BEFA2A100A5D7A3 /* BusinessLogicLayer */,
				570768401BEFA2A100A5D7A3 /* BusinessLogicLayerTests */,
			);
		};
/* End PBXProject section */

/* Begin PBXResourcesBuildPhase section */
		570768341BEFA2A100A5D7A3 /* Resources */ = {
			isa = PBXResourcesBuildPhase;
			buildActionMask = 2147483647;
			files = (
			);
			runOnlyForDeploymentPostprocessing = 0;
		};
		5707683F1BEFA2A100A5D7A3 /* Resources */ = {
			isa = PBXResourcesBuildPhase;
			buildActionMask = 2147483647;
			files = (
			);
			runOnlyForDeploymentPostprocessing = 0;
		};
/* End PBXResourcesBuildPhase section */

/* Begin PBXSourcesBuildPhase section */
		570768311BEFA2A100A5D7A3 /* Sources */ = {
			isa = PBXSourcesBuildPhase;
			buildActionMask = 2147483647;
			files = (
				570768591BEFA31C00A5D7A3 /* NoteBL.m in Sources */,
			);
			runOnlyForDeploymentPostprocessing = 0;
		};
		5707683D1BEFA2A100A5D7A3 /* Sources */ = {
			isa = PBXSourcesBuildPhase;
			buildActionMask = 2147483647;
			files = (
				570768491BEFA2A100A5D7A3 /* BusinessLogicLayerTests.m in Sources */,
			);
			runOnlyForDeploymentPostprocessing = 0;
		};
/* End PBXSourcesBuildPhase section */

/* Begin PBXTargetDependency section */
		570768441BEFA2A100A5D7A3 /* PBXTargetDependency */ = {
			isa = PBXTargetDependency;
			target = 570768351BEFA2A100A5D7A3 /* BusinessLogicLayer */;
			targetProxy = 570768431BEFA2A100A5D7A3 /* PBXContainerItemProxy */;
		};
/* End PBXTargetDependency section */

/* Begin XCBuildConfiguration section */
		5707684A1BEFA2A100A5D7A3 /* Debug */ = {
			isa = XCBuildConfiguration;
			buildSettings = {
				ALWAYS_SEARCH_USER_PATHS = NO;
				CLANG_CXX_LANGUAGE_STANDARD = "gnu++0x";
				CLANG_CXX_LIBRARY = "libc++";
				CLANG_ENABLE_MODULES = YES;
				CLANG_ENABLE_OBJC_ARC = YES;
				CLANG_WARN_BOOL_CONVERSION = YES;
				CLANG_WARN_CONSTANT_CONVERSION = YES;
				CLANG_WARN_DIRECT_OBJC_ISA_USAGE = YES_ERROR;
				CLANG_WARN_EMPTY_BODY = YES;
				CLANG_WARN_ENUM_CONVERSION = YES;
				CLANG_WARN_INT_CONVERSION = YES;
				CLANG_WARN_OBJC_ROOT_CLASS = YES_ERROR;
				CLANG_WARN_UNREACHABLE_CODE = YES;
				CLANG_WARN__DUPLICATE_METHOD_MATCH = YES;
				"CODE_SIGN_IDENTITY[sdk=iphoneos*]" = "iPhone Developer";
				COPY_PHASE_STRIP = NO;
				CURRENT_PROJECT_VERSION = 1;
				DEBUG_INFORMATION_FORMAT = "dwarf-with-dsym";
				ENABLE_STRICT_OBJC_MSGSEND = YES;
				GCC_C_LANGUAGE_STANDARD = gnu99;
				GCC_DYNAMIC_NO_PIC = NO;
				GCC_NO_COMMON_BLOCKS = YES;
				GCC_OPTIMIZATION_LEVEL = 0;
				GCC_PREPROCESSOR_DEFINITIONS = (
					"DEBUG=1",
					"$(inherited)",
				);
				GCC_SYMBOLS_PRIVATE_EXTERN = NO;
				GCC_WARN_64_TO_32_BIT_CONVERSION = YES;
				GCC_WARN_ABOUT_RETURN_TYPE = YES_ERROR;
				GCC_WARN_UNDECLARED_SELECTOR = YES;
				GCC_WARN_UNINITIALIZED_AUTOS = YES_AGGRESSIVE;
				GCC_WARN_UNUSED_FUNCTION = YES;
				GCC_WARN_UNUSED_VARIABLE = YES;
				IPHONEOS_DEPLOYMENT_TARGET = 8.3;
				MTL_ENABLE_DEBUG_INFO = YES;
				ONLY_ACTIVE_ARCH = YES;
				SDKROOT = iphoneos;
				TARGETED_DEVICE_FAMILY = "1,2";
				VERSIONING_SYSTEM = "apple-generic";
				VERSION_INFO_PREFIX = "";
			};
			name = Debug;
		};
		5707684B1BEFA2A100A5D7A3 /* Release */ = {
			isa = XCBuildConfiguration;
			buildSettings = {
				ALWAYS_SEARCH_USER_PATHS = NO;
				CLANG_CXX_LANGUAGE_STANDARD = "gnu++0x";
				CLANG_CXX_LIBRARY = "libc++";
				CLANG_ENABLE_MODULES = YES;
				CLANG_ENABLE_OBJC_ARC = YES;
				CLANG_WARN_BOOL_CONVERSION = YES;
				CLANG_WARN_CONSTANT_CONVERSION = YES;
				CLANG_WARN_DIRECT_OBJC_ISA_USAGE = YES_ERROR;
				CLANG_WARN_EMPTY_BODY = YES;
				CLANG_WARN_ENUM_CONVERSION = YES;
				CLANG_WARN_INT_CONVERSION = YES;
				CLANG_WARN_OBJC_ROOT_CLASS = YES_ERROR;
				CLANG_WARN_UNREACHABLE_CODE = YES;
				CLANG_WARN__DUPLICATE_METHOD_MATCH = YES;
				"CODE_SIGN_IDENTITY[sdk=iphoneos*]" = "iPhone Developer";
				COPY_PHASE_STRIP = NO;
				CURRENT_PROJECT_VERSION = 1;
				DEBUG_INFORMATION_FORMAT = "dwarf-with-dsym";
				ENABLE_NS_ASSERTIONS = NO;
				ENABLE_STRICT_OBJC_MSGSEND = YES;
				GCC_C_LANGUAGE_STANDARD = gnu99;
				GCC_NO_COMMON_BLOCKS = YES;
				GCC_WARN_64_TO_32_BIT_CONVERSION = YES;
				GCC_WARN_ABOUT_RETURN_TYPE = YES_ERROR;
				GCC_WARN_UNDECLARED_SELECTOR = YES;
				GCC_WARN_UNINITIALIZED_AUTOS = YES_AGGRESSIVE;
				GCC_WARN_UNUSED_FUNCTION = YES;
				GCC_WARN_UNUSED_VARIABLE = YES;
				IPHONEOS_DEPLOYMENT_TARGET = 8.3;
				MTL_ENABLE_DEBUG_INFO = NO;
				SDKROOT = iphoneos;
				TARGETED_DEVICE_FAMILY = "1,2";
				VALIDATE_PRODUCT = YES;
				VERSIONING_SYSTEM = "apple-generic";
				VERSION_INFO_PREFIX = "";
			};
			name = Release;
		};
		5707684D1BEFA2A100A5D7A3 /* Debug */ = {
			isa = XCBuildConfiguration;
			buildSettings = {
				DEFINES_MODULE = YES;
				DYLIB_COMPATIBILITY_VERSION = 1;
				DYLIB_CURRENT_VERSION = 1;
				DYLIB_INSTALL_NAME_BASE = "@rpath";
				FRAMEWORK_SEARCH_PATHS = (
					"$(inherited)",
					"/Users/guanpeidong/Documents/PersistenceLayer/build/Debug-iphoneos",
				);
				INFOPLIST_FILE = BusinessLogicLayer/Info.plist;
				INSTALL_PATH = "$(LOCAL_LIBRARY_DIR)/Frameworks";
				LD_RUNPATH_SEARCH_PATHS = "$(inherited) @executable_path/Frameworks @loader_path/Frameworks";
				PRODUCT_NAME = "$(TARGET_NAME)";
				SKIP_INSTALL = YES;
			};
			name = Debug;
		};
		5707684E1BEFA2A100A5D7A3 /* Release */ = {
			isa = XCBuildConfiguration;
			buildSettings = {
				DEFINES_MODULE = YES;
				DYLIB_COMPATIBILITY_VERSION = 1;
				DYLIB_CURRENT_VERSION = 1;
				DYLIB_INSTALL_NAME_BASE = "@rpath";
				FRAMEWORK_SEARCH_PATHS = (
					"$(inherited)",
					"/Users/guanpeidong/Documents/PersistenceLayer/build/Debug-iphoneos",
				);
				INFOPLIST_FILE = BusinessLogicLayer/Info.plist;
				INSTALL_PATH = "$(LOCAL_LIBRARY_DIR)/Frameworks";
				LD_RUNPATH_SEARCH_PATHS = "$(inherited) @executable_path/Frameworks @loader_path/Frameworks";
				PRODUCT_NAME = "$(TARGET_NAME)";
				SKIP_INSTALL = YES;
			};
			name = Release;
		};
		570768501BEFA2A100A5D7A3 /* Debug */ = {
			isa = XCBuildConfiguration;
			buildSettings = {
				FRAMEWORK_SEARCH_PATHS = (
					"$(SDKROOT)/Developer/Library/Frameworks",
					"$(inherited)",
				);
				GCC_PREPROCESSOR_DEFINITIONS = (
					"DEBUG=1",
					"$(inherited)",
				);
				INFOPLIST_FILE = BusinessLogicLayerTests/Info.plist;
				LD_RUNPATH_SEARCH_PATHS = "$(inherited) @executable_path/Frameworks @loader_path/Frameworks";
				PRODUCT_NAME = "$(TARGET_NAME)";
			};
			name = Debug;
		};
		570768511BEFA2A100A5D7A3 /* Release */ = {
			isa = XCBuildConfiguration;
			buildSettings = {
				FRAMEWORK_SEARCH_PATHS = (
					"$(SDKROOT)/Developer/Library/Frameworks",
					"$(inherited)",
				);
				INFOPLIST_FILE = BusinessLogicLayerTests/Info.plist;
				LD_RUNPATH_SEARCH_PATHS = "$(inherited) @executable_path/Frameworks @loader_path/Frameworks";
				PRODUCT_NAME = "$(TARGET_NAME)";
			};
			name = Release;
		};
/* End XCBuildConfiguration section */

/* Begin XCConfigurationList section */
		570768301BEFA2A100A5D7A3 /* Build configuration list for PBXProject "BusinessLogicLayer" */ = {
			isa = XCConfigurationList;
			buildConfigurations = (
				5707684A1BEFA2A100A5D7A3 /* Debug */,
				5707684B1BEFA2A100A5D7A3 /* Release */,
			);
			defaultConfigurationIsVisible = 0;
			defaultConfigurationName = Release;
		};
		5707684C1BEFA2A100A5D7A3 /* Build configuration list for PBXNativeTarget "BusinessLogicLayer" */ = {
			isa = XCConfigurationList;
			buildConfigurations = (
				5707684D1BEFA2A100A5D7A3 /* Debug */,
				5707684E1BEFA2A100A5D7A3 /* Release */,
			);
			defaultConfigurationIsVisible = 0;
		};
		5707684F1BEFA2A100A5D7A3 /* Build configuration list for PBXNativeTarget "BusinessLogicLayerTests" */ = {
			isa = XCConfigurationList;
			buildConfigurations = (
				570768501BEFA2A100A5D7A3 /* Debug */,
				570768511BEFA2A100A5D7A3 /* Release */,
			);
			defaultConfigurationIsVisible = 0;
		};
/* End XCConfigurationList section */
	};
	rootObject = 5707682D1BEFA2A100A5D7A3 /* Project object */;
}
